
Microsoft Visual Studio Solution File, Format Version 12.00
# Visual Studio Version 17
VisualStudioVersion = 17.10.34928.147
MinimumVisualStudioVersion = 10.0.40219.1
Project("{FAE04EC0-301F-11D3-BF4B-00C04F79EFBC}") = "Dependency injection,_example 2_C#", "Dependency injection,_example 2_C#\Dependency injection,_example 2_C#.csproj", "{19541D4F-56A3-4412-919F-98D7B9487F0C}"
EndProject
Global
	GlobalSection(SolutionConfigurationPlatforms) = preSolution
		Debug|Any CPU = Debug|Any CPU
		Release|Any CPU = Release|Any CPU
	EndGlobalSection
	GlobalSection(ProjectConfigurationPlatforms) = postSolution
		{19541D4F-56A3-4412-919F-98D7B9487F0C}.Debug|Any CPU.ActiveCfg = Debug|Any CPU
		{19541D4F-56A3-4412-919F-98D7B9487F0C}.Debug|Any CPU.Build.0 = Debug|Any CPU
		{19541D4F-56A3-4412-919F-98D7B9487F0C}.Release|Any CPU.ActiveCfg = Release|Any CPU
		{19541D4F-56A3-4412-919F-98D7B9487F0C}.Release|Any CPU.Build.0 = Release|Any CPU
	EndGlobalSection
	GlobalSection(SolutionProperties) = preSolution
		HideSolutionNode = FALSE
	EndGlobalSection
	GlobalSection(ExtensibilityGlobals) = postSolution
		SolutionGuid = {3AEF3EEC-0C1A-4993-BCF9-35D06DE5934F}
	EndGlobalSection
EndGlobal
